
Microsoft Visual Studio Solution File, Format Version 12.00
# Visual Studio Version 17
VisualStudioVersion = 17.14.36310.24
MinimumVisualStudioVersion = 10.0.40219.1
Project("{2150E333-8FDC-42A3-9474-1A3956D46DE8}") = "User", "User", "{02EA681E-C7D8-13C7-8484-4AC65E1B71E8}"
EndProject
Project("{FAE04EC0-301F-11D3-BF4B-00C04F79EFBC}") = "User.Contract", "User.Contract\User.Contract.csproj", "{2DA66CD3-0259-45E2-8563-CD445EC19140}"
EndProject
Project("{FAE04EC0-301F-11D3-BF4B-00C04F79EFBC}") = "User", "User\User.csproj", "{CC5851FE-B6EE-4707-92D9-E2D04E61BD0C}"
EndProject
Project("{FAE04EC0-301F-11D3-BF4B-00C04F79EFBC}") = "Savio.Core.Data", "Savio.Core.Data\Savio.Core.Data.csproj", "{6746475D-5CA9-47F5-8632-366B52DE9B2B}"
EndProject
Project("{FAE04EC0-301F-11D3-BF4B-00C04F79EFBC}") = "Savio.Core", "Savio.Core\Savio.Core.csproj", "{494DC306-817F-40E0-95CB-CADE244875EA}"
EndProject
Project("{FAE04EC0-301F-11D3-BF4B-00C04F79EFBC}") = "Savio.API", "Savio.API\Savio.API.csproj", "{2AA67321-0644-41EF-BF42-68E23B088635}"
EndProject
Project("{2150E333-8FDC-42A3-9474-1A3956D46DE8}") = "Transaction", "Transaction", "{524F53EA-9B57-4C9B-89CB-7555990A0C60}"
EndProject
Project("{FAE04EC0-301F-11D3-BF4B-00C04F79EFBC}") = "Transaction.Contract", "Transaction.Contract\Transaction.Contract.csproj", "{5231174C-2E7B-437A-8B6C-4F29F8CC4EB8}"
EndProject
Project("{FAE04EC0-301F-11D3-BF4B-00C04F79EFBC}") = "Transaction", "Transaction\Transaction.csproj", "{81934542-B9ED-4D31-AD43-545B98235510}"
EndProject
Project("{2150E333-8FDC-42A3-9474-1A3956D46DE8}") = "Category", "Category", "{B0D462CA-AF5F-4A86-9C93-3D4F0222848C}"
EndProject
Project("{FAE04EC0-301F-11D3-BF4B-00C04F79EFBC}") = "Category", "Category\Category.csproj", "{40564E7F-F393-488C-AA8D-7096370CB8BA}"
EndProject
Project("{FAE04EC0-301F-11D3-BF4B-00C04F79EFBC}") = "Category.Contract", "Category.Contract\Category.Contract.csproj", "{E15DB476-2766-48D8-B0DE-19CC79F37174}"
EndProject
Project("{2150E333-8FDC-42A3-9474-1A3956D46DE8}") = "Notification", "Notification", "{DEEB97E8-AE5B-4884-B0F5-54A557D31EB9}"
EndProject
Project("{FAE04EC0-301F-11D3-BF4B-00C04F79EFBC}") = "Notification", "Notification\Notification.csproj", "{C082D2CF-9094-45BA-9AFE-A0733357CAE4}"
EndProject
Project("{FAE04EC0-301F-11D3-BF4B-00C04F79EFBC}") = "Notification.Contract", "Notification.Contract\Notification.Contract.csproj", "{F9F8D154-334E-4499-822F-4842919EEEEA}"
EndProject
Global
	GlobalSection(SolutionConfigurationPlatforms) = preSolution
		Debug|Any CPU = Debug|Any CPU
		Release|Any CPU = Release|Any CPU
	EndGlobalSection
	GlobalSection(ProjectConfigurationPlatforms) = postSolution
		{2DA66CD3-0259-45E2-8563-CD445EC19140}.Debug|Any CPU.ActiveCfg = Debug|Any CPU
		{2DA66CD3-0259-45E2-8563-CD445EC19140}.Debug|Any CPU.Build.0 = Debug|Any CPU
		{2DA66CD3-0259-45E2-8563-CD445EC19140}.Release|Any CPU.ActiveCfg = Release|Any CPU
		{2DA66CD3-0259-45E2-8563-CD445EC19140}.Release|Any CPU.Build.0 = Release|Any CPU
		{CC5851FE-B6EE-4707-92D9-E2D04E61BD0C}.Debug|Any CPU.ActiveCfg = Debug|Any CPU
		{CC5851FE-B6EE-4707-92D9-E2D04E61BD0C}.Debug|Any CPU.Build.0 = Debug|Any CPU
		{CC5851FE-B6EE-4707-92D9-E2D04E61BD0C}.Release|Any CPU.ActiveCfg = Release|Any CPU
		{CC5851FE-B6EE-4707-92D9-E2D04E61BD0C}.Release|Any CPU.Build.0 = Release|Any CPU
		{6746475D-5CA9-47F5-8632-366B52DE9B2B}.Debug|Any CPU.ActiveCfg = Debug|Any CPU
		{6746475D-5CA9-47F5-8632-366B52DE9B2B}.Debug|Any CPU.Build.0 = Debug|Any CPU
		{6746475D-5CA9-47F5-8632-366B52DE9B2B}.Release|Any CPU.ActiveCfg = Release|Any CPU
		{6746475D-5CA9-47F5-8632-366B52DE9B2B}.Release|Any CPU.Build.0 = Release|Any CPU
		{494DC306-817F-40E0-95CB-CADE244875EA}.Debug|Any CPU.ActiveCfg = Debug|Any CPU
		{494DC306-817F-40E0-95CB-CADE244875EA}.Debug|Any CPU.Build.0 = Debug|Any CPU
		{494DC306-817F-40E0-95CB-CADE244875EA}.Release|Any CPU.ActiveCfg = Release|Any CPU
		{494DC306-817F-40E0-95CB-CADE244875EA}.Release|Any CPU.Build.0 = Release|Any CPU
		{2AA67321-0644-41EF-BF42-68E23B088635}.Debug|Any CPU.ActiveCfg = Debug|Any CPU
		{2AA67321-0644-41EF-BF42-68E23B088635}.Debug|Any CPU.Build.0 = Debug|Any CPU
		{2AA67321-0644-41EF-BF42-68E23B088635}.Release|Any CPU.ActiveCfg = Release|Any CPU
		{2AA67321-0644-41EF-BF42-68E23B088635}.Release|Any CPU.Build.0 = Release|Any CPU
		{5231174C-2E7B-437A-8B6C-4F29F8CC4EB8}.Debug|Any CPU.ActiveCfg = Debug|Any CPU
		{5231174C-2E7B-437A-8B6C-4F29F8CC4EB8}.Debug|Any CPU.Build.0 = Debug|Any CPU
		{5231174C-2E7B-437A-8B6C-4F29F8CC4EB8}.Release|Any CPU.ActiveCfg = Release|Any CPU
		{5231174C-2E7B-437A-8B6C-4F29F8CC4EB8}.Release|Any CPU.Build.0 = Release|Any CPU
		{81934542-B9ED-4D31-AD43-545B98235510}.Debug|Any CPU.ActiveCfg = Debug|Any CPU
		{81934542-B9ED-4D31-AD43-545B98235510}.Debug|Any CPU.Build.0 = Debug|Any CPU
		{81934542-B9ED-4D31-AD43-545B98235510}.Release|Any CPU.ActiveCfg = Release|Any CPU
		{81934542-B9ED-4D31-AD43-545B98235510}.Release|Any CPU.Build.0 = Release|Any CPU
		{40564E7F-F393-488C-AA8D-7096370CB8BA}.Debug|Any CPU.ActiveCfg = Debug|Any CPU
		{40564E7F-F393-488C-AA8D-7096370CB8BA}.Debug|Any CPU.Build.0 = Debug|Any CPU
		{40564E7F-F393-488C-AA8D-7096370CB8BA}.Release|Any CPU.ActiveCfg = Release|Any CPU
		{40564E7F-F393-488C-AA8D-7096370CB8BA}.Release|Any CPU.Build.0 = Release|Any CPU
		{E15DB476-2766-48D8-B0DE-19CC79F37174}.Debug|Any CPU.ActiveCfg = Debug|Any CPU
		{E15DB476-2766-48D8-B0DE-19CC79F37174}.Debug|Any CPU.Build.0 = Debug|Any CPU
		{E15DB476-2766-48D8-B0DE-19CC79F37174}.Release|Any CPU.ActiveCfg = Release|Any CPU
		{E15DB476-2766-48D8-B0DE-19CC79F37174}.Release|Any CPU.Build.0 = Release|Any CPU
		{C082D2CF-9094-45BA-9AFE-A0733357CAE4}.Debug|Any CPU.ActiveCfg = Debug|Any CPU
		{C082D2CF-9094-45BA-9AFE-A0733357CAE4}.Debug|Any CPU.Build.0 = Debug|Any CPU
		{C082D2CF-9094-45BA-9AFE-A0733357CAE4}.Release|Any CPU.ActiveCfg = Release|Any CPU
		{C082D2CF-9094-45BA-9AFE-A0733357CAE4}.Release|Any CPU.Build.0 = Release|Any CPU
		{F9F8D154-334E-4499-822F-4842919EEEEA}.Debug|Any CPU.ActiveCfg = Debug|Any CPU
		{F9F8D154-334E-4499-822F-4842919EEEEA}.Debug|Any CPU.Build.0 = Debug|Any CPU
		{F9F8D154-334E-4499-822F-4842919EEEEA}.Release|Any CPU.ActiveCfg = Release|Any CPU
		{F9F8D154-334E-4499-822F-4842919EEEEA}.Release|Any CPU.Build.0 = Release|Any CPU
	EndGlobalSection
	GlobalSection(SolutionProperties) = preSolution
		HideSolutionNode = FALSE
	EndGlobalSection
	GlobalSection(NestedProjects) = preSolution
		{2DA66CD3-0259-45E2-8563-CD445EC19140} = {02EA681E-C7D8-13C7-8484-4AC65E1B71E8}
		{CC5851FE-B6EE-4707-92D9-E2D04E61BD0C} = {02EA681E-C7D8-13C7-8484-4AC65E1B71E8}
		{5231174C-2E7B-437A-8B6C-4F29F8CC4EB8} = {524F53EA-9B57-4C9B-89CB-7555990A0C60}
		{81934542-B9ED-4D31-AD43-545B98235510} = {524F53EA-9B57-4C9B-89CB-7555990A0C60}
		{40564E7F-F393-488C-AA8D-7096370CB8BA} = {B0D462CA-AF5F-4A86-9C93-3D4F0222848C}
		{E15DB476-2766-48D8-B0DE-19CC79F37174} = {B0D462CA-AF5F-4A86-9C93-3D4F0222848C}
		{C082D2CF-9094-45BA-9AFE-A0733357CAE4} = {DEEB97E8-AE5B-4884-B0F5-54A557D31EB9}
		{F9F8D154-334E-4499-822F-4842919EEEEA} = {DEEB97E8-AE5B-4884-B0F5-54A557D31EB9}
	EndGlobalSection
	GlobalSection(ExtensibilityGlobals) = postSolution
		SolutionGuid = {46932D89-A8F4-480A-BC92-E43890045F1B}
	EndGlobalSection
EndGlobal
