
Microsoft Visual Studio Solution File, Format Version 12.00
# Visual Studio Version 17
VisualStudioVersion = 17.14.36310.24
MinimumVisualStudioVersion = 10.0.40219.1
Project("{2150E333-8FDC-42A3-9474-1A3956D46DE8}") = "User", "User", "{02EA681E-C7D8-13C7-8484-4AC65E1B71E8}"
EndProject
Project("{FAE04EC0-301F-11D3-BF4B-00C04F79EFBC}") = "User.Contract", "User.Contract\User.Contract.csproj", "{2DA66CD3-0259-45E2-8563-CD445EC19140}"
EndProject
Project("{FAE04EC0-301F-11D3-BF4B-00C04F79EFBC}") = "User", "User\User.csproj", "{CC5851FE-B6EE-4707-92D9-E2D04E61BD0C}"
EndProject
Project("{FAE04EC0-301F-11D3-BF4B-00C04F79EFBC}") = "Savio.Core.Data", "Savio.Core.Data\Savio.Core.Data.csproj", "{6746475D-5CA9-47F5-8632-366B52DE9B2B}"
EndProject
Project("{FAE04EC0-301F-11D3-BF4B-00C04F79EFBC}") = "Savio.Core", "Savio.Core\Savio.Core.csproj", "{494DC306-817F-40E0-95CB-CADE244875EA}"
EndProject
Project("{FAE04EC0-301F-11D3-BF4B-00C04F79EFBC}") = "Savio.API", "Savio.API\Savio.API.csproj", "{2AA67321-0644-41EF-BF42-68E23B088635}"
EndProject
Global
	GlobalSection(SolutionConfigurationPlatforms) = preSolution
		Debug|Any CPU = Debug|Any CPU
		Release|Any CPU = Release|Any CPU
	EndGlobalSection
	GlobalSection(ProjectConfigurationPlatforms) = postSolution
		{2DA66CD3-0259-45E2-8563-CD445EC19140}.Debug|Any CPU.ActiveCfg = Debug|Any CPU
		{2DA66CD3-0259-45E2-8563-CD445EC19140}.Debug|Any CPU.Build.0 = Debug|Any CPU
		{2DA66CD3-0259-45E2-8563-CD445EC19140}.Release|Any CPU.ActiveCfg = Release|Any CPU
		{2DA66CD3-0259-45E2-8563-CD445EC19140}.Release|Any CPU.Build.0 = Release|Any CPU
		{CC5851FE-B6EE-4707-92D9-E2D04E61BD0C}.Debug|Any CPU.ActiveCfg = Debug|Any CPU
		{CC5851FE-B6EE-4707-92D9-E2D04E61BD0C}.Debug|Any CPU.Build.0 = Debug|Any CPU
		{CC5851FE-B6EE-4707-92D9-E2D04E61BD0C}.Release|Any CPU.ActiveCfg = Release|Any CPU
		{CC5851FE-B6EE-4707-92D9-E2D04E61BD0C}.Release|Any CPU.Build.0 = Release|Any CPU
		{6746475D-5CA9-47F5-8632-366B52DE9B2B}.Debug|Any CPU.ActiveCfg = Debug|Any CPU
		{6746475D-5CA9-47F5-8632-366B52DE9B2B}.Debug|Any CPU.Build.0 = Debug|Any CPU
		{6746475D-5CA9-47F5-8632-366B52DE9B2B}.Release|Any CPU.ActiveCfg = Release|Any CPU
		{6746475D-5CA9-47F5-8632-366B52DE9B2B}.Release|Any CPU.Build.0 = Release|Any CPU
		{494DC306-817F-40E0-95CB-CADE244875EA}.Debug|Any CPU.ActiveCfg = Debug|Any CPU
		{494DC306-817F-40E0-95CB-CADE244875EA}.Debug|Any CPU.Build.0 = Debug|Any CPU
		{494DC306-817F-40E0-95CB-CADE244875EA}.Release|Any CPU.ActiveCfg = Release|Any CPU
		{494DC306-817F-40E0-95CB-CADE244875EA}.Release|Any CPU.Build.0 = Release|Any CPU
		{2AA67321-0644-41EF-BF42-68E23B088635}.Debug|Any CPU.ActiveCfg = Debug|Any CPU
		{2AA67321-0644-41EF-BF42-68E23B088635}.Debug|Any CPU.Build.0 = Debug|Any CPU
		{2AA67321-0644-41EF-BF42-68E23B088635}.Release|Any CPU.ActiveCfg = Release|Any CPU
		{2AA67321-0644-41EF-BF42-68E23B088635}.Release|Any CPU.Build.0 = Release|Any CPU
	EndGlobalSection
	GlobalSection(SolutionProperties) = preSolution
		HideSolutionNode = FALSE
	EndGlobalSection
	GlobalSection(NestedProjects) = preSolution
		{2DA66CD3-0259-45E2-8563-CD445EC19140} = {02EA681E-C7D8-13C7-8484-4AC65E1B71E8}
		{CC5851FE-B6EE-4707-92D9-E2D04E61BD0C} = {02EA681E-C7D8-13C7-8484-4AC65E1B71E8}
	EndGlobalSection
	GlobalSection(ExtensibilityGlobals) = postSolution
		SolutionGuid = {46932D89-A8F4-480A-BC92-E43890045F1B}
	EndGlobalSection
EndGlobal
